
Microsoft Visual Studio Solution File, Format Version 12.00
# Visual Studio Version 17
VisualStudioVersion = 17.7.34202.233
MinimumVisualStudioVersion = 10.0.40219.1
Project("{9A19103F-16F7-4668-BE54-9A1E7A4F7556}") = "Lab_3", "Lab_3.csproj", "{F19BE625-6332-4B1C-87E5-A5BB13642394}"
EndProject
Global
	GlobalSection(SolutionConfigurationPlatforms) = preSolution
		Debug|Any CPU = Debug|Any CPU
		Release|Any CPU = Release|Any CPU
	EndGlobalSection
	GlobalSection(ProjectConfigurationPlatforms) = postSolution
		{F19BE625-6332-4B1C-87E5-A5BB13642394}.Debug|Any CPU.ActiveCfg = Debug|Any CPU
		{F19BE625-6332-4B1C-87E5-A5BB13642394}.Debug|Any CPU.Build.0 = Debug|Any CPU
		{F19BE625-6332-4B1C-87E5-A5BB13642394}.Release|Any CPU.ActiveCfg = Release|Any CPU
		{F19BE625-6332-4B1C-87E5-A5BB13642394}.Release|Any CPU.Build.0 = Release|Any CPU
	EndGlobalSection
	GlobalSection(SolutionProperties) = preSolution
		HideSolutionNode = FALSE
	EndGlobalSection
	GlobalSection(ExtensibilityGlobals) = postSolution
		SolutionGuid = {D632E67F-E445-479E-A909-7FA16648690C}
	EndGlobalSection
EndGlobal
